
Microsoft Visual Studio Solution File, Format Version 12.00
# Visual Studio Version 17
VisualStudioVersion = 17.11.35219.272
MinimumVisualStudioVersion = 10.0.40219.1
Project("{FAE04EC0-301F-11D3-BF4B-00C04F79EFBC}") = "Xamarin-Android-Sample", "Xamarin-Android-Sample.csproj", "{71E6D7DE-85A2-4484-9F4D-5B25C57C521D}"
EndProject
Global
	GlobalSection(SolutionConfigurationPlatforms) = preSolution
		Debug|Any CPU = Debug|Any CPU
		Release|Any CPU = Release|Any CPU
	EndGlobalSection
	GlobalSection(ProjectConfigurationPlatforms) = postSolution
		{71E6D7DE-85A2-4484-9F4D-5B25C57C521D}.Debug|Any CPU.ActiveCfg = Debug|Any CPU
		{71E6D7DE-85A2-4484-9F4D-5B25C57C521D}.Debug|Any CPU.Build.0 = Debug|Any CPU
		{71E6D7DE-85A2-4484-9F4D-5B25C57C521D}.Debug|Any CPU.Deploy.0 = Debug|Any CPU
		{71E6D7DE-85A2-4484-9F4D-5B25C57C521D}.Release|Any CPU.ActiveCfg = Release|Any CPU
		{71E6D7DE-85A2-4484-9F4D-5B25C57C521D}.Release|Any CPU.Build.0 = Release|Any CPU
		{71E6D7DE-85A2-4484-9F4D-5B25C57C521D}.Release|Any CPU.Deploy.0 = Release|Any CPU
	EndGlobalSection
	GlobalSection(SolutionProperties) = preSolution
		HideSolutionNode = FALSE
	EndGlobalSection
	GlobalSection(ExtensibilityGlobals) = postSolution
		SolutionGuid = {B4B2B2E6-AB8E-4C17-902C-F4DBBB3D0FB0}
	EndGlobalSection
EndGlobal
