
Microsoft Visual Studio Solution File, Format Version 12.00
# Visual Studio Version 17
VisualStudioVersion = 17.7.34024.191
MinimumVisualStudioVersion = 10.0.40219.1
Project("{FAE04EC0-301F-11D3-BF4B-00C04F79EFBC}") = "MoneyGuardSdkExample.Android", "MoneyGuardSdkExample\MoneyGuardSdkExample.Android\MoneyGuardSdkExample.Android.csproj", "{D43BFBB5-23F0-4FC0-9749-6921522CD829}"
EndProject
Project("{FAE04EC0-301F-11D3-BF4B-00C04F79EFBC}") = "MoneyGuardSdkExample.iOS", "MoneyGuardSdkExample\MoneyGuardSdkExample.iOS\MoneyGuardSdkExample.iOS.csproj", "{F1B2961B-4B09-4C95-9F99-ED2216DECDAA}"
EndProject
Project("{FAE04EC0-301F-11D3-BF4B-00C04F79EFBC}") = "MoneyGuardSdkExample", "MoneyGuardSdkExample\MoneyGuardSdkExample\MoneyGuardSdkExample.csproj", "{C61833FD-F37A-4A86-AE04-047B8343016A}"
EndProject
Global
	GlobalSection(SolutionConfigurationPlatforms) = preSolution
		Debug|Any CPU = Debug|Any CPU
		Debug|iPhone = Debug|iPhone
		Debug|iPhoneSimulator = Debug|iPhoneSimulator
		Release|Any CPU = Release|Any CPU
		Release|iPhone = Release|iPhone
		Release|iPhoneSimulator = Release|iPhoneSimulator
	EndGlobalSection
	GlobalSection(ProjectConfigurationPlatforms) = postSolution
		{D43BFBB5-23F0-4FC0-9749-6921522CD829}.Debug|Any CPU.ActiveCfg = Debug|Any CPU
		{D43BFBB5-23F0-4FC0-9749-6921522CD829}.Debug|Any CPU.Build.0 = Debug|Any CPU
		{D43BFBB5-23F0-4FC0-9749-6921522CD829}.Debug|Any CPU.Deploy.0 = Debug|Any CPU
		{D43BFBB5-23F0-4FC0-9749-6921522CD829}.Debug|iPhone.ActiveCfg = Debug|Any CPU
		{D43BFBB5-23F0-4FC0-9749-6921522CD829}.Debug|iPhone.Build.0 = Debug|Any CPU
		{D43BFBB5-23F0-4FC0-9749-6921522CD829}.Debug|iPhone.Deploy.0 = Debug|Any CPU
		{D43BFBB5-23F0-4FC0-9749-6921522CD829}.Debug|iPhoneSimulator.ActiveCfg = Debug|Any CPU
		{D43BFBB5-23F0-4FC0-9749-6921522CD829}.Debug|iPhoneSimulator.Build.0 = Debug|Any CPU
		{D43BFBB5-23F0-4FC0-9749-6921522CD829}.Debug|iPhoneSimulator.Deploy.0 = Debug|Any CPU
		{D43BFBB5-23F0-4FC0-9749-6921522CD829}.Release|Any CPU.ActiveCfg = Release|Any CPU
		{D43BFBB5-23F0-4FC0-9749-6921522CD829}.Release|Any CPU.Build.0 = Release|Any CPU
		{D43BFBB5-23F0-4FC0-9749-6921522CD829}.Release|Any CPU.Deploy.0 = Release|Any CPU
		{D43BFBB5-23F0-4FC0-9749-6921522CD829}.Release|iPhone.ActiveCfg = Release|Any CPU
		{D43BFBB5-23F0-4FC0-9749-6921522CD829}.Release|iPhone.Build.0 = Release|Any CPU
		{D43BFBB5-23F0-4FC0-9749-6921522CD829}.Release|iPhone.Deploy.0 = Release|Any CPU
		{D43BFBB5-23F0-4FC0-9749-6921522CD829}.Release|iPhoneSimulator.ActiveCfg = Release|Any CPU
		{D43BFBB5-23F0-4FC0-9749-6921522CD829}.Release|iPhoneSimulator.Build.0 = Release|Any CPU
		{D43BFBB5-23F0-4FC0-9749-6921522CD829}.Release|iPhoneSimulator.Deploy.0 = Release|Any CPU
		{F1B2961B-4B09-4C95-9F99-ED2216DECDAA}.Debug|Any CPU.ActiveCfg = Debug|iPhoneSimulator
		{F1B2961B-4B09-4C95-9F99-ED2216DECDAA}.Debug|Any CPU.Build.0 = Debug|iPhoneSimulator
		{F1B2961B-4B09-4C95-9F99-ED2216DECDAA}.Debug|iPhone.ActiveCfg = Debug|iPhone
		{F1B2961B-4B09-4C95-9F99-ED2216DECDAA}.Debug|iPhone.Build.0 = Debug|iPhone
		{F1B2961B-4B09-4C95-9F99-ED2216DECDAA}.Debug|iPhoneSimulator.ActiveCfg = Debug|iPhoneSimulator
		{F1B2961B-4B09-4C95-9F99-ED2216DECDAA}.Debug|iPhoneSimulator.Build.0 = Debug|iPhoneSimulator
		{F1B2961B-4B09-4C95-9F99-ED2216DECDAA}.Release|Any CPU.ActiveCfg = Release|iPhoneSimulator
		{F1B2961B-4B09-4C95-9F99-ED2216DECDAA}.Release|Any CPU.Build.0 = Release|iPhoneSimulator
		{F1B2961B-4B09-4C95-9F99-ED2216DECDAA}.Release|iPhone.ActiveCfg = Release|iPhone
		{F1B2961B-4B09-4C95-9F99-ED2216DECDAA}.Release|iPhone.Build.0 = Release|iPhone
		{F1B2961B-4B09-4C95-9F99-ED2216DECDAA}.Release|iPhoneSimulator.ActiveCfg = Release|iPhoneSimulator
		{F1B2961B-4B09-4C95-9F99-ED2216DECDAA}.Release|iPhoneSimulator.Build.0 = Release|iPhoneSimulator
		{C61833FD-F37A-4A86-AE04-047B8343016A}.Debug|Any CPU.ActiveCfg = Debug|Any CPU
		{C61833FD-F37A-4A86-AE04-047B8343016A}.Debug|Any CPU.Build.0 = Debug|Any CPU
		{C61833FD-F37A-4A86-AE04-047B8343016A}.Debug|iPhone.ActiveCfg = Debug|Any CPU
		{C61833FD-F37A-4A86-AE04-047B8343016A}.Debug|iPhone.Build.0 = Debug|Any CPU
		{C61833FD-F37A-4A86-AE04-047B8343016A}.Debug|iPhoneSimulator.ActiveCfg = Debug|Any CPU
		{C61833FD-F37A-4A86-AE04-047B8343016A}.Debug|iPhoneSimulator.Build.0 = Debug|Any CPU
		{C61833FD-F37A-4A86-AE04-047B8343016A}.Release|Any CPU.ActiveCfg = Release|Any CPU
		{C61833FD-F37A-4A86-AE04-047B8343016A}.Release|Any CPU.Build.0 = Release|Any CPU
		{C61833FD-F37A-4A86-AE04-047B8343016A}.Release|iPhone.ActiveCfg = Release|Any CPU
		{C61833FD-F37A-4A86-AE04-047B8343016A}.Release|iPhone.Build.0 = Release|Any CPU
		{C61833FD-F37A-4A86-AE04-047B8343016A}.Release|iPhoneSimulator.ActiveCfg = Release|Any CPU
		{C61833FD-F37A-4A86-AE04-047B8343016A}.Release|iPhoneSimulator.Build.0 = Release|Any CPU
	EndGlobalSection
	GlobalSection(SolutionProperties) = preSolution
		HideSolutionNode = FALSE
	EndGlobalSection
	GlobalSection(ExtensibilityGlobals) = postSolution
		SolutionGuid = {979879D4-7D2E-42ED-B4C8-7C5F9E65E65B}
	EndGlobalSection
EndGlobal
