
Microsoft Visual Studio Solution File, Format Version 12.00
# Visual Studio Version 17
VisualStudioVersion = 17.7.34024.191
MinimumVisualStudioVersion = 10.0.40219.1
Project("{FAE04EC0-301F-11D3-BF4B-00C04F79EFBC}") = "Xamarin-Android-Sample", "..\Moneyguard-Xamarin-Sample\XamarinAndroidProject\Xamarin-Android-Sample.csproj", "{71E6D7DE-85A2-4484-9F4D-5B25C57C521D}"
EndProject
Project("{FAE04EC0-301F-11D3-BF4B-00C04F79EFBC}") = "Xamarin-Forms-Sample.iOS", "..\Moneyguard-Xamarin-Sample\Moneyguard-Xamarin-Sample.iOS\Xamarin-Forms-Sample.iOS.csproj", "{E12486EB-CBC5-4DC1-8818-7222220E077F}"
EndProject
Project("{FAE04EC0-301F-11D3-BF4B-00C04F79EFBC}") = "Xamarin-Forms-Sample.Android", "..\Moneyguard-Xamarin-Sample\Moneyguard-Xamarin-Sample.Android\Xamarin-Forms-Sample.Android.csproj", "{A56FAA9B-8FB9-4ED2-89BF-4FFF87996655}"
EndProject
Project("{9A19103F-16F7-4668-BE54-9A1E7A4F7556}") = "Xamarin-Forms-Sample", "..\Moneyguard-Xamarin-Sample\Moneyguard-Xamarin-Sample\Xamarin-Forms-Sample.csproj", "{F138798F-A0EE-4FBF-AD6D-5FD5365EB33A}"
EndProject
Global
	GlobalSection(SolutionConfigurationPlatforms) = preSolution
		Debug|Any CPU = Debug|Any CPU
		Debug|iPhone = Debug|iPhone
		Debug|iPhoneSimulator = Debug|iPhoneSimulator
		Release|Any CPU = Release|Any CPU
		Release|iPhone = Release|iPhone
		Release|iPhoneSimulator = Release|iPhoneSimulator
	EndGlobalSection
	GlobalSection(ProjectConfigurationPlatforms) = postSolution
		{71E6D7DE-85A2-4484-9F4D-5B25C57C521D}.Debug|Any CPU.ActiveCfg = Debug|Any CPU
		{71E6D7DE-85A2-4484-9F4D-5B25C57C521D}.Debug|Any CPU.Build.0 = Debug|Any CPU
		{71E6D7DE-85A2-4484-9F4D-5B25C57C521D}.Debug|Any CPU.Deploy.0 = Debug|Any CPU
		{71E6D7DE-85A2-4484-9F4D-5B25C57C521D}.Debug|iPhone.ActiveCfg = Debug|Any CPU
		{71E6D7DE-85A2-4484-9F4D-5B25C57C521D}.Debug|iPhone.Build.0 = Debug|Any CPU
		{71E6D7DE-85A2-4484-9F4D-5B25C57C521D}.Debug|iPhone.Deploy.0 = Debug|Any CPU
		{71E6D7DE-85A2-4484-9F4D-5B25C57C521D}.Debug|iPhoneSimulator.ActiveCfg = Debug|Any CPU
		{71E6D7DE-85A2-4484-9F4D-5B25C57C521D}.Debug|iPhoneSimulator.Build.0 = Debug|Any CPU
		{71E6D7DE-85A2-4484-9F4D-5B25C57C521D}.Debug|iPhoneSimulator.Deploy.0 = Debug|Any CPU
		{71E6D7DE-85A2-4484-9F4D-5B25C57C521D}.Release|Any CPU.ActiveCfg = Release|Any CPU
		{71E6D7DE-85A2-4484-9F4D-5B25C57C521D}.Release|Any CPU.Build.0 = Release|Any CPU
		{71E6D7DE-85A2-4484-9F4D-5B25C57C521D}.Release|Any CPU.Deploy.0 = Release|Any CPU
		{71E6D7DE-85A2-4484-9F4D-5B25C57C521D}.Release|iPhone.ActiveCfg = Release|Any CPU
		{71E6D7DE-85A2-4484-9F4D-5B25C57C521D}.Release|iPhone.Build.0 = Release|Any CPU
		{71E6D7DE-85A2-4484-9F4D-5B25C57C521D}.Release|iPhone.Deploy.0 = Release|Any CPU
		{71E6D7DE-85A2-4484-9F4D-5B25C57C521D}.Release|iPhoneSimulator.ActiveCfg = Release|Any CPU
		{71E6D7DE-85A2-4484-9F4D-5B25C57C521D}.Release|iPhoneSimulator.Build.0 = Release|Any CPU
		{71E6D7DE-85A2-4484-9F4D-5B25C57C521D}.Release|iPhoneSimulator.Deploy.0 = Release|Any CPU
		{E12486EB-CBC5-4DC1-8818-7222220E077F}.Debug|Any CPU.ActiveCfg = Debug|iPhoneSimulator
		{E12486EB-CBC5-4DC1-8818-7222220E077F}.Debug|Any CPU.Build.0 = Debug|iPhoneSimulator
		{E12486EB-CBC5-4DC1-8818-7222220E077F}.Debug|iPhone.ActiveCfg = Debug|iPhone
		{E12486EB-CBC5-4DC1-8818-7222220E077F}.Debug|iPhone.Build.0 = Debug|iPhone
		{E12486EB-CBC5-4DC1-8818-7222220E077F}.Debug|iPhoneSimulator.ActiveCfg = Debug|iPhoneSimulator
		{E12486EB-CBC5-4DC1-8818-7222220E077F}.Debug|iPhoneSimulator.Build.0 = Debug|iPhoneSimulator
		{E12486EB-CBC5-4DC1-8818-7222220E077F}.Release|Any CPU.ActiveCfg = Release|iPhoneSimulator
		{E12486EB-CBC5-4DC1-8818-7222220E077F}.Release|Any CPU.Build.0 = Release|iPhoneSimulator
		{E12486EB-CBC5-4DC1-8818-7222220E077F}.Release|iPhone.ActiveCfg = Release|iPhone
		{E12486EB-CBC5-4DC1-8818-7222220E077F}.Release|iPhone.Build.0 = Release|iPhone
		{E12486EB-CBC5-4DC1-8818-7222220E077F}.Release|iPhoneSimulator.ActiveCfg = Release|iPhoneSimulator
		{E12486EB-CBC5-4DC1-8818-7222220E077F}.Release|iPhoneSimulator.Build.0 = Release|iPhoneSimulator
		{A56FAA9B-8FB9-4ED2-89BF-4FFF87996655}.Debug|Any CPU.ActiveCfg = Debug|Any CPU
		{A56FAA9B-8FB9-4ED2-89BF-4FFF87996655}.Debug|Any CPU.Build.0 = Debug|Any CPU
		{A56FAA9B-8FB9-4ED2-89BF-4FFF87996655}.Debug|Any CPU.Deploy.0 = Debug|Any CPU
		{A56FAA9B-8FB9-4ED2-89BF-4FFF87996655}.Debug|iPhone.ActiveCfg = Debug|Any CPU
		{A56FAA9B-8FB9-4ED2-89BF-4FFF87996655}.Debug|iPhone.Build.0 = Debug|Any CPU
		{A56FAA9B-8FB9-4ED2-89BF-4FFF87996655}.Debug|iPhone.Deploy.0 = Debug|Any CPU
		{A56FAA9B-8FB9-4ED2-89BF-4FFF87996655}.Debug|iPhoneSimulator.ActiveCfg = Debug|Any CPU
		{A56FAA9B-8FB9-4ED2-89BF-4FFF87996655}.Debug|iPhoneSimulator.Build.0 = Debug|Any CPU
		{A56FAA9B-8FB9-4ED2-89BF-4FFF87996655}.Debug|iPhoneSimulator.Deploy.0 = Debug|Any CPU
		{A56FAA9B-8FB9-4ED2-89BF-4FFF87996655}.Release|Any CPU.ActiveCfg = Release|Any CPU
		{A56FAA9B-8FB9-4ED2-89BF-4FFF87996655}.Release|Any CPU.Build.0 = Release|Any CPU
		{A56FAA9B-8FB9-4ED2-89BF-4FFF87996655}.Release|Any CPU.Deploy.0 = Release|Any CPU
		{A56FAA9B-8FB9-4ED2-89BF-4FFF87996655}.Release|iPhone.ActiveCfg = Release|Any CPU
		{A56FAA9B-8FB9-4ED2-89BF-4FFF87996655}.Release|iPhone.Build.0 = Release|Any CPU
		{A56FAA9B-8FB9-4ED2-89BF-4FFF87996655}.Release|iPhone.Deploy.0 = Release|Any CPU
		{A56FAA9B-8FB9-4ED2-89BF-4FFF87996655}.Release|iPhoneSimulator.ActiveCfg = Release|Any CPU
		{A56FAA9B-8FB9-4ED2-89BF-4FFF87996655}.Release|iPhoneSimulator.Build.0 = Release|Any CPU
		{A56FAA9B-8FB9-4ED2-89BF-4FFF87996655}.Release|iPhoneSimulator.Deploy.0 = Release|Any CPU
		{F138798F-A0EE-4FBF-AD6D-5FD5365EB33A}.Debug|Any CPU.ActiveCfg = Debug|Any CPU
		{F138798F-A0EE-4FBF-AD6D-5FD5365EB33A}.Debug|Any CPU.Build.0 = Debug|Any CPU
		{F138798F-A0EE-4FBF-AD6D-5FD5365EB33A}.Debug|iPhone.ActiveCfg = Debug|Any CPU
		{F138798F-A0EE-4FBF-AD6D-5FD5365EB33A}.Debug|iPhone.Build.0 = Debug|Any CPU
		{F138798F-A0EE-4FBF-AD6D-5FD5365EB33A}.Debug|iPhoneSimulator.ActiveCfg = Debug|Any CPU
		{F138798F-A0EE-4FBF-AD6D-5FD5365EB33A}.Debug|iPhoneSimulator.Build.0 = Debug|Any CPU
		{F138798F-A0EE-4FBF-AD6D-5FD5365EB33A}.Release|Any CPU.ActiveCfg = Release|Any CPU
		{F138798F-A0EE-4FBF-AD6D-5FD5365EB33A}.Release|Any CPU.Build.0 = Release|Any CPU
		{F138798F-A0EE-4FBF-AD6D-5FD5365EB33A}.Release|iPhone.ActiveCfg = Release|Any CPU
		{F138798F-A0EE-4FBF-AD6D-5FD5365EB33A}.Release|iPhone.Build.0 = Release|Any CPU
		{F138798F-A0EE-4FBF-AD6D-5FD5365EB33A}.Release|iPhoneSimulator.ActiveCfg = Release|Any CPU
		{F138798F-A0EE-4FBF-AD6D-5FD5365EB33A}.Release|iPhoneSimulator.Build.0 = Release|Any CPU
	EndGlobalSection
	GlobalSection(SolutionProperties) = preSolution
		HideSolutionNode = FALSE
	EndGlobalSection
	GlobalSection(ExtensibilityGlobals) = postSolution
		SolutionGuid = {979879D4-7D2E-42ED-B4C8-7C5F9E65E65B}
	EndGlobalSection
EndGlobal
